
Microsoft Visual Studio Solution File, Format Version 12.00
# Visual Studio Version 16
VisualStudioVersion = 16.0.31605.320
MinimumVisualStudioVersion = 10.0.40219.1
Project("{8BC9CEB8-8B4A-11D0-8D11-00A0C91BC942}") = "MSKOL_Test", "MSKOL_Test\MSKOL_Test.vcxproj", "{24A3820F-10F0-4C38-B3F3-7AE0FBB96DF6}"
EndProject
Project("{8BC9CEB8-8B4A-11D0-8D11-00A0C91BC942}") = "_testing_", "_testing_\_testing_.vcxproj", "{0AC48DDF-8CE7-44B2-A6F9-01FDEA6A7DB5}"
EndProject
Global
	GlobalSection(SolutionConfigurationPlatforms) = preSolution
		Debug|x64 = Debug|x64
		Debug|x86 = Debug|x86
		Release|x64 = Release|x64
		Release|x86 = Release|x86
	EndGlobalSection
	GlobalSection(ProjectConfigurationPlatforms) = postSolution
		{24A3820F-10F0-4C38-B3F3-7AE0FBB96DF6}.Debug|x64.ActiveCfg = Debug|x64
		{24A3820F-10F0-4C38-B3F3-7AE0FBB96DF6}.Debug|x64.Build.0 = Debug|x64
		{24A3820F-10F0-4C38-B3F3-7AE0FBB96DF6}.Debug|x86.ActiveCfg = Debug|Win32
		{24A3820F-10F0-4C38-B3F3-7AE0FBB96DF6}.Debug|x86.Build.0 = Debug|Win32
		{24A3820F-10F0-4C38-B3F3-7AE0FBB96DF6}.Release|x64.ActiveCfg = Release|x64
		{24A3820F-10F0-4C38-B3F3-7AE0FBB96DF6}.Release|x64.Build.0 = Release|x64
		{24A3820F-10F0-4C38-B3F3-7AE0FBB96DF6}.Release|x86.ActiveCfg = Release|Win32
		{24A3820F-10F0-4C38-B3F3-7AE0FBB96DF6}.Release|x86.Build.0 = Release|Win32
		{0AC48DDF-8CE7-44B2-A6F9-01FDEA6A7DB5}.Debug|x64.ActiveCfg = Debug|x64
		{0AC48DDF-8CE7-44B2-A6F9-01FDEA6A7DB5}.Debug|x64.Build.0 = Debug|x64
		{0AC48DDF-8CE7-44B2-A6F9-01FDEA6A7DB5}.Debug|x86.ActiveCfg = Debug|Win32
		{0AC48DDF-8CE7-44B2-A6F9-01FDEA6A7DB5}.Debug|x86.Build.0 = Debug|Win32
		{0AC48DDF-8CE7-44B2-A6F9-01FDEA6A7DB5}.Release|x64.ActiveCfg = Release|x64
		{0AC48DDF-8CE7-44B2-A6F9-01FDEA6A7DB5}.Release|x64.Build.0 = Release|x64
		{0AC48DDF-8CE7-44B2-A6F9-01FDEA6A7DB5}.Release|x86.ActiveCfg = Release|Win32
		{0AC48DDF-8CE7-44B2-A6F9-01FDEA6A7DB5}.Release|x86.Build.0 = Release|Win32
	EndGlobalSection
	GlobalSection(SolutionProperties) = preSolution
		HideSolutionNode = FALSE
	EndGlobalSection
	GlobalSection(ExtensibilityGlobals) = postSolution
		SolutionGuid = {98C9BA6E-9D1F-4D43-86A1-1303073A9C53}
	EndGlobalSection
EndGlobal
